<?xml version="1.0" encoding="utf-8"?>
<Project ToolsVersion="4.0" xmlns="http://schemas.microsoft.com/developer/msbuild/2003">
  <ItemGroup>
    <Filter Include="源文件">
      <UniqueIdentifier>{4FC737F1-C7A5-4376-A066-2A32D752A2FF}</UniqueIdentifier>
      <Extensions>cpp;c;cc;cxx;def;odl;idl;hpj;bat;asm;asmx</Extensions>
    </Filter>
    <Filter Include="头文件">
      <UniqueIdentifier>{93995380-89BD-4b04-88EB-625FBE52EBFB}</UniqueIdentifier>
      <Extensions>h;hh;hpp;hxx;hm;inl;inc;xsd</Extensions>
    </Filter>
    <Filter Include="资源文件">
      <UniqueIdentifier>{67DA6AB6-F800-4c08-8B7A-83BB121AAD01}</UniqueIdentifier>
      <Extensions>rc;ico;cur;bmp;dlg;rc2;rct;bin;rgs;gif;jpg;jpeg;jpe;resx;tiff;tif;png;wav;mfcribbon-ms</Extensions>
    </Filter>
    <Filter Include="头文件\common">
      <UniqueIdentifier>{16ae5e59-80b6-4be5-87be-81eb8991aab3}</UniqueIdentifier>
    </Filter>
    <Filter Include="头文件\wx">
      <UniqueIdentifier>{2c75565d-f1e9-44b0-826e-6ca3cf208c97}</UniqueIdentifier>
    </Filter>
    <Filter Include="源文件\common">
      <UniqueIdentifier>{59add183-d3ac-42b3-8b29-24b5c534e672}</UniqueIdentifier>
    </Filter>
    <Filter Include="源文件\wx">
      <UniqueIdentifier>{4f6f4a94-3089-4f0a-a2ef-b5788e8dbd13}</UniqueIdentifier>
    </Filter>
    <Filter Include="头文件\public">
      <UniqueIdentifier>{7717f889-4a65-439a-8827-bfaf9e3bf339}</UniqueIdentifier>
    </Filter>
  </ItemGroup>
  <ItemGroup>
    <ClCompile Include="main.cpp">
      <Filter>源文件</Filter>
    </ClCompile>
    <ClCompile Include="..\wx\keep_wx_account_session.cpp">
      <Filter>源文件\wx</Filter>
    </ClCompile>
    <ClCompile Include="..\wx\keep_wx_account_task.cpp">
      <Filter>源文件\wx</Filter>
    </ClCompile>
    <ClCompile Include="..\wx\wx_account_mgr.cpp">
      <Filter>源文件\wx</Filter>
    </ClCompile>
    <ClCompile Include="..\wx\wx_vote.cpp">
      <Filter>源文件\wx</Filter>
    </ClCompile>
    <ClCompile Include="..\wx\wx_vote_session.cpp">
      <Filter>源文件\wx</Filter>
    </ClCompile>
    <ClCompile Include="..\common\device_mgr.cpp">
      <Filter>源文件\common</Filter>
    </ClCompile>
    <ClCompile Include="..\common\main_task.cpp">
      <Filter>源文件\common</Filter>
    </ClCompile>
    <ClCompile Include="..\common\pho_conn_pool.cpp">
      <Filter>源文件\common</Filter>
    </ClCompile>
    <ClCompile Include="..\common\phone_connection.cpp">
      <Filter>源文件\common</Filter>
    </ClCompile>
    <ClCompile Include="..\common\sche_conn_pool.cpp">
      <Filter>源文件\common</Filter>
    </ClCompile>
    <ClCompile Include="..\common\schedule_connection.cpp">
      <Filter>源文件\common</Filter>
    </ClCompile>
  </ItemGroup>
  <ItemGroup>
    <ClInclude Include="..\..\inc\common\device_mgr.hpp">
      <Filter>头文件\common</Filter>
    </ClInclude>
    <ClInclude Include="..\..\inc\common\main_task.hpp">
      <Filter>头文件\common</Filter>
    </ClInclude>
    <ClInclude Include="..\..\inc\common\pho_conn_pool.hpp">
      <Filter>头文件\common</Filter>
    </ClInclude>
    <ClInclude Include="..\..\inc\common\phone_connection.hpp">
      <Filter>头文件\common</Filter>
    </ClInclude>
    <ClInclude Include="..\..\inc\common\sche_conn_pool.hpp">
      <Filter>头文件\common</Filter>
    </ClInclude>
    <ClInclude Include="..\..\inc\common\schedule_connection.hpp">
      <Filter>头文件\common</Filter>
    </ClInclude>
    <ClInclude Include="..\..\inc\wx\keep_wx_account_session.hpp">
      <Filter>头文件\wx</Filter>
    </ClInclude>
    <ClInclude Include="..\..\inc\wx\keep_wx_account_task.hpp">
      <Filter>头文件\wx</Filter>
    </ClInclude>
    <ClInclude Include="..\..\inc\wx\wx_account_mgr.hpp">
      <Filter>头文件\wx</Filter>
    </ClInclude>
    <ClInclude Include="..\..\inc\wx\wx_vote.hpp">
      <Filter>头文件\wx</Filter>
    </ClInclude>
    <ClInclude Include="..\..\inc\wx\wx_vote_session.hpp">
      <Filter>头文件\wx</Filter>
    </ClInclude>
    <ClInclude Include="..\..\inc\public\protocol_define.h">
      <Filter>头文件\public</Filter>
    </ClInclude>
    <ClInclude Include="..\..\inc\public\task.hpp">
      <Filter>头文件\public</Filter>
    </ClInclude>
    <ClInclude Include="..\..\inc\public\task_interface.h">
      <Filter>头文件\public</Filter>
    </ClInclude>
    <ClInclude Include="..\..\inc\public\task_processor.hpp">
      <Filter>头文件\public</Filter>
    </ClInclude>
    <ClInclude Include="..\..\inc\public\typedefs.h">
      <Filter>头文件\public</Filter>
    </ClInclude>
    <ClInclude Include="..\..\inc\public\work_queue.hpp">
      <Filter>头文件\public</Filter>
    </ClInclude>
  </ItemGroup>
</Project>